
Microsoft Visual Studio Solution File, Format Version 12.00
# Visual Studio Version 17
VisualStudioVersion = 17.14.36310.24 d17.14
MinimumVisualStudioVersion = 10.0.40219.1
Project("{FAE04EC0-301F-11D3-BF4B-00C04F79EFBC}") = "dnext_maploader", "dnext_maploader.csproj", "{FC94DA7E-B806-D78A-D5BD-4A8EF98C5723}"
EndProject
Global
	GlobalSection(SolutionConfigurationPlatforms) = preSolution
		Debug|Any CPU = Debug|Any CPU
		Release|Any CPU = Release|Any CPU
	EndGlobalSection
	GlobalSection(ProjectConfigurationPlatforms) = postSolution
		{FC94DA7E-B806-D78A-D5BD-4A8EF98C5723}.Debug|Any CPU.ActiveCfg = Debug|Any CPU
		{FC94DA7E-B806-D78A-D5BD-4A8EF98C5723}.Debug|Any CPU.Build.0 = Debug|Any CPU
		{FC94DA7E-B806-D78A-D5BD-4A8EF98C5723}.Release|Any CPU.ActiveCfg = Release|Any CPU
		{FC94DA7E-B806-D78A-D5BD-4A8EF98C5723}.Release|Any CPU.Build.0 = Release|Any CPU
	EndGlobalSection
	GlobalSection(SolutionProperties) = preSolution
		HideSolutionNode = FALSE
	EndGlobalSection
	GlobalSection(ExtensibilityGlobals) = postSolution
		SolutionGuid = {F5F07488-315F-4947-9074-145D7E57E6EF}
	EndGlobalSection
EndGlobal
